
Microsoft Visual Studio Solution File, Format Version 12.00
# Visual Studio Version 17
VisualStudioVersion = 17.5.33326.253
MinimumVisualStudioVersion = 10.0.40219.1
Project("{FAE04EC0-301F-11D3-BF4B-00C04F79EFBC}") = "TGFPIZZAHUB", "TGFPIZZAHUB.csproj", "{988A53FF-5FAC-4F9A-94FC-0A1040A20FA3}"
EndProject
Global
	GlobalSection(SolutionConfigurationPlatforms) = preSolution
		Debug|Any CPU = Debug|Any CPU
		Release|Any CPU = Release|Any CPU
	EndGlobalSection
	GlobalSection(ProjectConfigurationPlatforms) = postSolution
		{988A53FF-5FAC-4F9A-94FC-0A1040A20FA3}.Debug|Any CPU.ActiveCfg = Debug|Any CPU
		{988A53FF-5FAC-4F9A-94FC-0A1040A20FA3}.Debug|Any CPU.Build.0 = Debug|Any CPU
		{988A53FF-5FAC-4F9A-94FC-0A1040A20FA3}.Release|Any CPU.ActiveCfg = Release|Any CPU
		{988A53FF-5FAC-4F9A-94FC-0A1040A20FA3}.Release|Any CPU.Build.0 = Release|Any CPU
	EndGlobalSection
	GlobalSection(SolutionProperties) = preSolution
		HideSolutionNode = FALSE
	EndGlobalSection
	GlobalSection(ExtensibilityGlobals) = postSolution
		SolutionGuid = {556454C0-5BD3-4533-8F2D-121A0F568821}
	EndGlobalSection
EndGlobal
